
Microsoft Visual Studio Solution File, Format Version 12.00
# Visual Studio Version 16
VisualStudioVersion = 16.0.29230.47
MinimumVisualStudioVersion = 10.0.40219.1
Project("{9A19103F-16F7-4668-BE54-9A1E7A4F7556}") = "DAL", "DAL\DAL.csproj", "{A50D3DB3-38E2-4B93-AAE1-B13201EC7E02}"
EndProject
Project("{9A19103F-16F7-4668-BE54-9A1E7A4F7556}") = "BLL", "BLL\BLL.csproj", "{160CF9BD-FBFE-46FE-B517-35983ED8BB4A}"
EndProject
Project("{FAE04EC0-301F-11D3-BF4B-00C04F79EFBC}") = "Web", "Web\Web.csproj", "{BEE8355D-EC05-47BB-B086-608ED80D0760}"
EndProject
Global
	GlobalSection(SolutionConfigurationPlatforms) = preSolution
		Debug|Any CPU = Debug|Any CPU
		Release|Any CPU = Release|Any CPU
	EndGlobalSection
	GlobalSection(ProjectConfigurationPlatforms) = postSolution
		{A50D3DB3-38E2-4B93-AAE1-B13201EC7E02}.Debug|Any CPU.ActiveCfg = Debug|Any CPU
		{A50D3DB3-38E2-4B93-AAE1-B13201EC7E02}.Debug|Any CPU.Build.0 = Debug|Any CPU
		{A50D3DB3-38E2-4B93-AAE1-B13201EC7E02}.Release|Any CPU.ActiveCfg = Release|Any CPU
		{A50D3DB3-38E2-4B93-AAE1-B13201EC7E02}.Release|Any CPU.Build.0 = Release|Any CPU
		{160CF9BD-FBFE-46FE-B517-35983ED8BB4A}.Debug|Any CPU.ActiveCfg = Debug|Any CPU
		{160CF9BD-FBFE-46FE-B517-35983ED8BB4A}.Debug|Any CPU.Build.0 = Debug|Any CPU
		{160CF9BD-FBFE-46FE-B517-35983ED8BB4A}.Release|Any CPU.ActiveCfg = Release|Any CPU
		{160CF9BD-FBFE-46FE-B517-35983ED8BB4A}.Release|Any CPU.Build.0 = Release|Any CPU
		{BEE8355D-EC05-47BB-B086-608ED80D0760}.Debug|Any CPU.ActiveCfg = Debug|Any CPU
		{BEE8355D-EC05-47BB-B086-608ED80D0760}.Debug|Any CPU.Build.0 = Debug|Any CPU
		{BEE8355D-EC05-47BB-B086-608ED80D0760}.Release|Any CPU.ActiveCfg = Release|Any CPU
		{BEE8355D-EC05-47BB-B086-608ED80D0760}.Release|Any CPU.Build.0 = Release|Any CPU
	EndGlobalSection
	GlobalSection(SolutionProperties) = preSolution
		HideSolutionNode = FALSE
	EndGlobalSection
	GlobalSection(ExtensibilityGlobals) = postSolution
		SolutionGuid = {88C8172F-C990-49AD-8619-41DE91B3810C}
	EndGlobalSection
EndGlobal
